<?xml version="1.0" encoding="UTF-8"?>
<Project ToolsVersion="15.0" xmlns="http://schemas.microsoft.com/developer/msbuild/2003">
  <ItemGroup>
    <ClCompile Include="C:\Code\CVinRobocon2018\RoboconCV\src\locator.cpp">
      <Filter>Source Files</Filter>
    </ClCompile>
    <ClCompile Include="C:\Code\CVinRobocon2018\RoboconCV\src\main.cpp">
      <Filter>Source Files</Filter>
    </ClCompile>
    <ClCompile Include="C:\Code\CVinRobocon2018\RoboconCV\src\recognizer.cpp">
      <Filter>Source Files</Filter>
    </ClCompile>
    <ClCompile Include="C:\Code\CVinRobocon2018\RoboconCV\src\SerialPort\SerialPort.cpp">
      <Filter>Source Files</Filter>
    </ClCompile>
  </ItemGroup>
  <ItemGroup>
    <ClInclude Include="C:\Code\CVinRobocon2018\RoboconCV\src\locator.h">
      <Filter>Header Files</Filter>
    </ClInclude>
    <ClInclude Include="C:\Code\CVinRobocon2018\RoboconCV\src\recognizer.h">
      <Filter>Header Files</Filter>
    </ClInclude>
    <ClInclude Include="C:\Code\CVinRobocon2018\RoboconCV\src\SerialPort\SerialPort.h">
      <Filter>Header Files</Filter>
    </ClInclude>
  </ItemGroup>
  <ItemGroup>
    <CustomBuild Include="C:\Code\CVinRobocon2018\RoboconCV\CMakeLists.txt" />
  </ItemGroup>
  <ItemGroup>
    <Filter Include="Source Files">
      <UniqueIdentifier>{F33C3689-BF61-3A29-B8EF-3F4E9B5E23E8}</UniqueIdentifier>
    </Filter>
    <Filter Include="Header Files">
      <UniqueIdentifier>{97227927-7962-3B78-8181-0A8C49089697}</UniqueIdentifier>
    </Filter>
  </ItemGroup>
</Project>
